
Microsoft Visual Studio Solution File, Format Version 12.00
# Visual Studio Version 16
VisualStudioVersion = 16.0.30907.101
MinimumVisualStudioVersion = 10.0.40219.1
Project("{9A19103F-16F7-4668-BE54-9A1E7A4F7556}") = "VOD.UI", "VOD.UI\VOD.UI.csproj", "{D425F512-A231-4525-972E-302631E8C84A}"
EndProject
Project("{9A19103F-16F7-4668-BE54-9A1E7A4F7556}") = "VOD.Common", "VOD.Common\VOD.Common.csproj", "{D9E82CC5-27FC-40BC-8773-FA78AA77B9D7}"
EndProject
Project("{9A19103F-16F7-4668-BE54-9A1E7A4F7556}") = "VOD.Database", "VOD.Database\VOD.Database.csproj", "{27DEAAA1-CDE7-4862-A28A-011AF7AB6ECB}"
EndProject
Global
	GlobalSection(SolutionConfigurationPlatforms) = preSolution
		Debug|Any CPU = Debug|Any CPU
		Release|Any CPU = Release|Any CPU
	EndGlobalSection
	GlobalSection(ProjectConfigurationPlatforms) = postSolution
		{D425F512-A231-4525-972E-302631E8C84A}.Debug|Any CPU.ActiveCfg = Debug|Any CPU
		{D425F512-A231-4525-972E-302631E8C84A}.Debug|Any CPU.Build.0 = Debug|Any CPU
		{D425F512-A231-4525-972E-302631E8C84A}.Release|Any CPU.ActiveCfg = Release|Any CPU
		{D425F512-A231-4525-972E-302631E8C84A}.Release|Any CPU.Build.0 = Release|Any CPU
		{D9E82CC5-27FC-40BC-8773-FA78AA77B9D7}.Debug|Any CPU.ActiveCfg = Debug|Any CPU
		{D9E82CC5-27FC-40BC-8773-FA78AA77B9D7}.Debug|Any CPU.Build.0 = Debug|Any CPU
		{D9E82CC5-27FC-40BC-8773-FA78AA77B9D7}.Release|Any CPU.ActiveCfg = Release|Any CPU
		{D9E82CC5-27FC-40BC-8773-FA78AA77B9D7}.Release|Any CPU.Build.0 = Release|Any CPU
		{27DEAAA1-CDE7-4862-A28A-011AF7AB6ECB}.Debug|Any CPU.ActiveCfg = Debug|Any CPU
		{27DEAAA1-CDE7-4862-A28A-011AF7AB6ECB}.Debug|Any CPU.Build.0 = Debug|Any CPU
		{27DEAAA1-CDE7-4862-A28A-011AF7AB6ECB}.Release|Any CPU.ActiveCfg = Release|Any CPU
		{27DEAAA1-CDE7-4862-A28A-011AF7AB6ECB}.Release|Any CPU.Build.0 = Release|Any CPU
	EndGlobalSection
	GlobalSection(SolutionProperties) = preSolution
		HideSolutionNode = FALSE
	EndGlobalSection
	GlobalSection(ExtensibilityGlobals) = postSolution
		SolutionGuid = {A995DD74-F206-4D00-88F4-ACBE994E8CE5}
	EndGlobalSection
EndGlobal
